PODS:
  - A00CppInitMeasure (1.0.1)

DEPENDENCIES:
  - A00CppInitMeasure (from `../`)

EXTERNAL SOURCES:
  A00CppInitMeasure:
    :path: "../"

SPEC CHECKSUMS:
  A00CppInitMeasure: b994f65c1c8f7809543db10a6ca42d2ceaf328d9

PODFILE CHECKSUM: 88492b52d7856ba524afb063e648cb90f698cd78

COCOAPODS: 1.16.1
