PODS:
  - A00CppInitMeasure (0.1.1)

DEPENDENCIES:
  - A00CppInitMeasure (from `../`)

EXTERNAL SOURCES:
  A00CppInitMeasure:
    :path: "../"

SPEC CHECKSUMS:
  A00CppInitMeasure: 0c39e1c20b6e908041c54386e94cd1f0b2720b03

PODFILE CHECKSUM: 88492b52d7856ba524afb063e648cb90f698cd78

COCOAPODS: 1.16.1
